// !$*UTF8*$!
{
	archiveVersion = 1;
	classes = {
	};
	objectVersion = 50;
	objects = {

/* Begin PBXBuildFile section */
		08DB85D225B21D680099354F /* SwifUI_Combine_FormApp.swift in Sources */ = {isa = PBXBuildFile; fileRef = 08DB85BF25B21D660099354F /* SwifUI_Combine_FormApp.swift */; };
		08DB85D325B21D680099354F /* SwifUI_Combine_FormApp.swift in Sources */ = {isa = PBXBuildFile; fileRef = 08DB85BF25B21D660099354F /* SwifUI_Combine_FormApp.swift */; };
		08DB85D425B21D680099354F /* ContentView.swift in Sources */ = {isa = PBXBuildFile; fileRef = 08DB85C025B21D660099354F /* ContentView.swift */; };
		08DB85D525B21D680099354F /* ContentView.swift in Sources */ = {isa = PBXBuildFile; fileRef = 08DB85C025B21D660099354F /* ContentView.swift */; };
		08DB85D625B21D680099354F /* Assets.xcassets in Resources */ = {isa = PBXBuildFile; fileRef = 08DB85C125B21D680099354F /* Assets.xcassets */; };
		08DB85D725B21D680099354F /* Assets.xcassets in Resources */ = {isa = PBXBuildFile; fileRef = 08DB85C125B21D680099354F /* Assets.xcassets */; };
/* End PBXBuildFile section */

/* Begin PBXFileReference section */
		08DB85BF25B21D660099354F /* SwifUI_Combine_FormApp.swift */ = {isa = PBXFileReference; lastKnownFileType = sourcecode.swift; path = SwifUI_Combine_FormApp.swift; sourceTree = "<group>"; };
		08DB85C025B21D660099354F /* ContentView.swift */ = {isa = PBXFileReference; lastKnownFileType = sourcecode.swift; path = ContentView.swift; sourceTree = "<group>"; };
		08DB85C125B21D680099354F /* Assets.xcassets */ = {isa = PBXFileReference; lastKnownFileType = folder.assetcatalog; path = Assets.xcassets; sourceTree = "<group>"; };
		08DB85C625B21D680099354F /* SwifUI+Combine+Form.app */ = {isa = PBXFileReference; explicitFileType = wrapper.application; includeInIndex = 0; path = "SwifUI+Combine+Form.app"; sourceTree = BUILT_PRODUCTS_DIR; };
		08DB85C925B21D680099354F /* Info.plist */ = {isa = PBXFileReference; lastKnownFileType = text.plist.xml; path = Info.plist; sourceTree = "<group>"; };
		08DB85CE25B21D680099354F /* SwifUI+Combine+Form.app */ = {isa = PBXFileReference; explicitFileType = wrapper.application; includeInIndex = 0; path = "SwifUI+Combine+Form.app"; sourceTree = BUILT_PRODUCTS_DIR; };
		08DB85D025B21D680099354F /* Info.plist */ = {isa = PBXFileReference; lastKnownFileType = text.plist.xml; path = Info.plist; sourceTree = "<group>"; };
		08DB85D125B21D680099354F /* macOS.entitlements */ = {isa = PBXFileReference; lastKnownFileType = text.plist.entitlements; path = macOS.entitlements; sourceTree = "<group>"; };
/* End PBXFileReference section */

/* Begin PBXFrameworksBuildPhase section */
		08DB85C325B21D680099354F /* Frameworks */ = {
			isa = PBXFrameworksBuildPhase;
			buildActionMask = 2147483647;
			files = (
			);
			runOnlyForDeploymentPostprocessing = 0;
		};
		08DB85CB25B21D680099354F /* Frameworks */ = {
			isa = PBXFrameworksBuildPhase;
			buildActionMask = 2147483647;
			files = (
			);
			runOnlyForDeploymentPostprocessing = 0;
		};
/* End PBXFrameworksBuildPhase section */

/* Begin PBXGroup section */
		08DB85B925B21D650099354F = {
			isa = PBXGroup;
			children = (
				08DB85BE25B21D660099354F /* Shared */,
				08DB85C825B21D680099354F /* iOS */,
				08DB85CF25B21D680099354F /* macOS */,
				08DB85C725B21D680099354F /* Products */,
			);
			sourceTree = "<group>";
		};
		08DB85BE25B21D660099354F /* Shared */ = {
			isa = PBXGroup;
			children = (
				08DB85BF25B21D660099354F /* SwifUI_Combine_FormApp.swift */,
				08DB85C025B21D660099354F /* ContentView.swift */,
				08DB85C125B21D680099354F /* Assets.xcassets */,
			);
			path = Shared;
			sourceTree = "<group>";
		};
		08DB85C725B21D680099354F /* Products */ = {
			isa = PBXGroup;
			children = (
				08DB85C625B21D680099354F /* SwifUI+Combine+Form.app */,
				08DB85CE25B21D680099354F /* SwifUI+Combine+Form.app */,
			);
			name = Products;
			sourceTree = "<group>";
		};
		08DB85C825B21D680099354F /* iOS */ = {
			isa = PBXGroup;
			children = (
				08DB85C925B21D680099354F /* Info.plist */,
			);
			path = iOS;
			sourceTree = "<group>";
		};
		08DB85CF25B21D680099354F /* macOS */ = {
			isa = PBXGroup;
			children = (
				08DB85D025B21D680099354F /* Info.plist */,
				08DB85D125B21D680099354F /* macOS.entitlements */,
			);
			path = macOS;
			sourceTree = "<group>";
		};
/* End PBXGroup section */

/* Begin PBXNativeTarget section */
		08DB85C525B21D680099354F /* SwifUI+Combine+Form (iOS) */ = {
			isa = PBXNativeTarget;
			buildConfigurationList = 08DB85DA25B21D680099354F /* Build configuration list for PBXNativeTarget "SwifUI+Combine+Form (iOS)" */;
			buildPhases = (
				08DB85C225B21D680099354F /* Sources */,
				08DB85C325B21D680099354F /* Frameworks */,
				08DB85C425B21D680099354F /* Resources */,
			);
			buildRules = (
			);
			dependencies = (
			);
			name = "SwifUI+Combine+Form (iOS)";
			productName = "SwifUI+Combine+Form (iOS)";
			productReference = 08DB85C625B21D680099354F /* SwifUI+Combine+Form.app */;
			productType = "com.apple.product-type.application";
		};
		08DB85CD25B21D680099354F /* SwifUI+Combine+Form (macOS) */ = {
			isa = PBXNativeTarget;
			buildConfigurationList = 08DB85DD25B21D680099354F /* Build configuration list for PBXNativeTarget "SwifUI+Combine+Form (macOS)" */;
			buildPhases = (
				08DB85CA25B21D680099354F /* Sources */,
				08DB85CB25B21D680099354F /* Frameworks */,
				08DB85CC25B21D680099354F /* Resources */,
			);
			buildRules = (
			);
			dependencies = (
			);
			name = "SwifUI+Combine+Form (macOS)";
			productName = "SwifUI+Combine+Form (macOS)";
			productReference = 08DB85CE25B21D680099354F /* SwifUI+Combine+Form.app */;
			productType = "com.apple.product-type.application";
		};
/* End PBXNativeTarget section */

/* Begin PBXProject section */
		08DB85BA25B21D650099354F /* Project object */ = {
			isa = PBXProject;
			attributes = {
				LastSwiftUpdateCheck = 1230;
				LastUpgradeCheck = 1230;
				TargetAttributes = {
					08DB85C525B21D680099354F = {
						CreatedOnToolsVersion = 12.3;
					};
					08DB85CD25B21D680099354F = {
						CreatedOnToolsVersion = 12.3;
					};
				};
			};
			buildConfigurationList = 08DB85BD25B21D650099354F /* Build configuration list for PBXProject "SwifUI+Combine+Form" */;
			compatibilityVersion = "Xcode 9.3";
			developmentRegion = en;
			hasScannedForEncodings = 0;
			knownRegions = (
				en,
				Base,
			);
			mainGroup = 08DB85B925B21D650099354F;
			productRefGroup = 08DB85C725B21D680099354F /* Products */;
			projectDirPath = "";
			projectRoot = "";
			targets = (
				08DB85C525B21D680099354F /* SwifUI+Combine+Form (iOS) */,
				08DB85CD25B21D680099354F /* SwifUI+Combine+Form (macOS) */,
			);
		};
/* End PBXProject section */

/* Begin PBXResourcesBuildPhase section */
		08DB85C425B21D680099354F /* Resources */ = {
			isa = PBXResourcesBuildPhase;
			buildActionMask = 2147483647;
			files = (
				08DB85D625B21D680099354F /* Assets.xcassets in Resources */,
			);
			runOnlyForDeploymentPostprocessing = 0;
		};
		08DB85CC25B21D680099354F /* Resources */ = {
			isa = PBXResourcesBuildPhase;
			buildActionMask = 2147483647;
			files = (
				08DB85D725B21D680099354F /* Assets.xcassets in Resources */,
			);
			runOnlyForDeploymentPostprocessing = 0;
		};
/* End PBXResourcesBuildPhase section */

/* Begin PBXSourcesBuildPhase section */
		08DB85C225B21D680099354F /* Sources */ = {
			isa = PBXSourcesBuildPhase;
			buildActionMask = 2147483647;
			files = (
				08DB85D425B21D680099354F /* ContentView.swift in Sources */,
				08DB85D225B21D680099354F /* SwifUI_Combine_FormApp.swift in Sources */,
			);
			runOnlyForDeploymentPostprocessing = 0;
		};
		08DB85CA25B21D680099354F /* Sources */ = {
			isa = PBXSourcesBuildPhase;
			buildActionMask = 2147483647;
			files = (
				08DB85D525B21D680099354F /* ContentView.swift in Sources */,
				08DB85D325B21D680099354F /* SwifUI_Combine_FormApp.swift in Sources */,
			);
			runOnlyForDeploymentPostprocessing = 0;
		};
/* End PBXSourcesBuildPhase section */

/* Begin XCBuildConfiguration section */
		08DB85D825B21D680099354F /* Debug */ = {
			isa = XCBuildConfiguration;
			buildSettings = {
				ALWAYS_SEARCH_USER_PATHS = NO;
				CLANG_ANALYZER_NONNULL = YES;
				CLANG_ANALYZER_NUMBER_OBJECT_CONVERSION = YES_AGGRESSIVE;
				CLANG_CXX_LANGUAGE_STANDARD = "gnu++14";
				CLANG_CXX_LIBRARY = "libc++";
				CLANG_ENABLE_MODULES = YES;
				CLANG_ENABLE_OBJC_ARC = YES;
				CLANG_ENABLE_OBJC_WEAK = YES;
				CLANG_WARN_BLOCK_CAPTURE_AUTORELEASING = YES;
				CLANG_WARN_BOOL_CONVERSION = YES;
				CLANG_WARN_COMMA = YES;
				CLANG_WARN_CONSTANT_CONVERSION = YES;
				CLANG_WARN_DEPRECATED_OBJC_IMPLEMENTATIONS = YES;
				CLANG_WARN_DIRECT_OBJC_ISA_USAGE = YES_ERROR;
				CLANG_WARN_DOCUMENTATION_COMMENTS = YES;
				CLANG_WARN_EMPTY_BODY = YES;
				CLANG_WARN_ENUM_CONVERSION = YES;
				CLANG_WARN_INFINITE_RECURSION = YES;
				CLANG_WARN_INT_CONVERSION = YES;
				CLANG_WARN_NON_LITERAL_NULL_CONVERSION = YES;
				CLANG_WARN_OBJC_IMPLICIT_RETAIN_SELF = YES;
				CLANG_WARN_OBJC_LITERAL_CONVERSION = YES;
				CLANG_WARN_OBJC_ROOT_CLASS = YES_ERROR;
				CLANG_WARN_QUOTED_INCLUDE_IN_FRAMEWORK_HEADER = YES;
				CLANG_WARN_RANGE_LOOP_ANALYSIS = YES;
				CLANG_WARN_STRICT_PROTOTYPES = YES;
				CLANG_WARN_SUSPICIOUS_MOVE = YES;
				CLANG_WARN_UNGUARDED_AVAILABILITY = YES_AGGRESSIVE;
				CLANG_WARN_UNREACHABLE_CODE = YES;
				CLANG_WARN__DUPLICATE_METHOD_MATCH = YES;
				COPY_PHASE_STRIP = NO;
				DEBUG_INFORMATION_FORMAT = dwarf;
				ENABLE_STRICT_OBJC_MSGSEND = YES;
				ENABLE_TESTABILITY = YES;
				GCC_C_LANGUAGE_STANDARD = gnu11;
				GCC_DYNAMIC_NO_PIC = NO;
				GCC_NO_COMMON_BLOCKS = YES;
				GCC_OPTIMIZATION_LEVEL = 0;
				GCC_PREPROCESSOR_DEFINITIONS = (
					"DEBUG=1",
					"$(inherited)",
				);
				GCC_WARN_64_TO_32_BIT_CONVERSION = YES;
				GCC_WARN_ABOUT_RETURN_TYPE = YES_ERROR;
				GCC_WARN_UNDECLARED_SELECTOR = YES;
				GCC_WARN_UNINITIALIZED_AUTOS = YES_AGGRESSIVE;
				GCC_WARN_UNUSED_FUNCTION = YES;
				GCC_WARN_UNUSED_VARIABLE = YES;
				MTL_ENABLE_DEBUG_INFO = INCLUDE_SOURCE;
				MTL_FAST_MATH = YES;
				ONLY_ACTIVE_ARCH = YES;
				SWIFT_ACTIVE_COMPILATION_CONDITIONS = DEBUG;
				SWIFT_OPTIMIZATION_LEVEL = "-Onone";
			};
			name = Debug;
		};
		08DB85D925B21D680099354F /* Release */ = {
			isa = XCBuildConfiguration;
			buildSettings = {
				ALWAYS_SEARCH_USER_PATHS = NO;
				CLANG_ANALYZER_NONNULL = YES;
				CLANG_ANALYZER_NUMBER_OBJECT_CONVERSION = YES_AGGRESSIVE;
				CLANG_CXX_LANGUAGE_STANDARD = "gnu++14";
				CLANG_CXX_LIBRARY = "libc++";
				CLANG_ENABLE_MODULES = YES;
				CLANG_ENABLE_OBJC_ARC = YES;
				CLANG_ENABLE_OBJC_WEAK = YES;
				CLANG_WARN_BLOCK_CAPTURE_AUTORELEASING = YES;
				CLANG_WARN_BOOL_CONVERSION = YES;
				CLANG_WARN_COMMA = YES;
				CLANG_WARN_CONSTANT_CONVERSION = YES;
				CLANG_WARN_DEPRECATED_OBJC_IMPLEMENTATIONS = YES;
				CLANG_WARN_DIRECT_OBJC_ISA_USAGE = YES_ERROR;
				CLANG_WARN_DOCUMENTATION_COMMENTS = YES;
				CLANG_WARN_EMPTY_BODY = YES;
				CLANG_WARN_ENUM_CONVERSION = YES;
				CLANG_WARN_INFINITE_RECURSION = YES;
				CLANG_WARN_INT_CONVERSION = YES;
				CLANG_WARN_NON_LITERAL_NULL_CONVERSION = YES;
				CLANG_WARN_OBJC_IMPLICIT_RETAIN_SELF = YES;
				CLANG_WARN_OBJC_LITERAL_CONVERSION = YES;
				CLANG_WARN_OBJC_ROOT_CLASS = YES_ERROR;
				CLANG_WARN_QUOTED_INCLUDE_IN_FRAMEWORK_HEADER = YES;
				CLANG_WARN_RANGE_LOOP_ANALYSIS = YES;
				CLANG_WARN_STRICT_PROTOTYPES = YES;
				CLANG_WARN_SUSPICIOUS_MOVE = YES;
				CLANG_WARN_UNGUARDED_AVAILABILITY = YES_AGGRESSIVE;
				CLANG_WARN_UNREACHABLE_CODE = YES;
				CLANG_WARN__DUPLICATE_METHOD_MATCH = YES;
				COPY_PHASE_STRIP = NO;
				DEBUG_INFORMATION_FORMAT = "dwarf-with-dsym";
				ENABLE_NS_ASSERTIONS = NO;
				ENABLE_STRICT_OBJC_MSGSEND = YES;
				GCC_C_LANGUAGE_STANDARD = gnu11;
				GCC_NO_COMMON_BLOCKS = YES;
				GCC_WARN_64_TO_32_BIT_CONVERSION = YES;
				GCC_WARN_ABOUT_RETURN_TYPE = YES_ERROR;
				GCC_WARN_UNDECLARED_SELECTOR = YES;
				GCC_WARN_UNINITIALIZED_AUTOS = YES_AGGRESSIVE;
				GCC_WARN_UNUSED_FUNCTION = YES;
				GCC_WARN_UNUSED_VARIABLE = YES;
				MTL_ENABLE_DEBUG_INFO = NO;
				MTL_FAST_MATH = YES;
				SWIFT_COMPILATION_MODE = wholemodule;
				SWIFT_OPTIMIZATION_LEVEL = "-O";
			};
			name = Release;
		};
		08DB85DB25B21D680099354F /* Debug */ = {
			isa = XCBuildConfiguration;
			buildSettings = {
				ASSETCATALOG_COMPILER_APPICON_NAME = AppIcon;
				ASSETCATALOG_COMPILER_GLOBAL_ACCENT_COLOR_NAME = AccentColor;
				CODE_SIGN_STYLE = Automatic;
				DEVELOPMENT_TEAM = EQW652JMS3;
				ENABLE_PREVIEWS = YES;
				INFOPLIST_FILE = iOS/Info.plist;
				IPHONEOS_DEPLOYMENT_TARGET = 14.0;
				LD_RUNPATH_SEARCH_PATHS = (
					"$(inherited)",
					"@executable_path/Frameworks",
				);
				PRODUCT_BUNDLE_IDENTIFIER = "com.test.SwifUI-Combine-Form";
				PRODUCT_NAME = "SwifUI+Combine+Form";
				SDKROOT = iphoneos;
				SWIFT_VERSION = 5.0;
				TARGETED_DEVICE_FAMILY = "1,2";
			};
			name = Debug;
		};
		08DB85DC25B21D680099354F /* Release */ = {
			isa = XCBuildConfiguration;
			buildSettings = {
				ASSETCATALOG_COMPILER_APPICON_NAME = AppIcon;
				ASSETCATALOG_COMPILER_GLOBAL_ACCENT_COLOR_NAME = AccentColor;
				CODE_SIGN_STYLE = Automatic;
				DEVELOPMENT_TEAM = EQW652JMS3;
				ENABLE_PREVIEWS = YES;
				INFOPLIST_FILE = iOS/Info.plist;
				IPHONEOS_DEPLOYMENT_TARGET = 14.0;
				LD_RUNPATH_SEARCH_PATHS = (
					"$(inherited)",
					"@executable_path/Frameworks",
				);
				PRODUCT_BUNDLE_IDENTIFIER = "com.test.SwifUI-Combine-Form";
				PRODUCT_NAME = "SwifUI+Combine+Form";
				SDKROOT = iphoneos;
				SWIFT_VERSION = 5.0;
				TARGETED_DEVICE_FAMILY = "1,2";
				VALIDATE_PRODUCT = YES;
			};
			name = Release;
		};
		08DB85DE25B21D680099354F /* Debug */ = {
			isa = XCBuildConfiguration;
			buildSettings = {
				ASSETCATALOG_COMPILER_APPICON_NAME = AppIcon;
				ASSETCATALOG_COMPILER_GLOBAL_ACCENT_COLOR_NAME = AccentColor;
				CODE_SIGN_ENTITLEMENTS = macOS/macOS.entitlements;
				CODE_SIGN_STYLE = Automatic;
				COMBINE_HIDPI_IMAGES = YES;
				DEVELOPMENT_TEAM = EQW652JMS3;
				ENABLE_HARDENED_RUNTIME = YES;
				ENABLE_PREVIEWS = YES;
				INFOPLIST_FILE = macOS/Info.plist;
				LD_RUNPATH_SEARCH_PATHS = (
					"$(inherited)",
					"@executable_path/../Frameworks",
				);
				MACOSX_DEPLOYMENT_TARGET = 11.0;
				PRODUCT_BUNDLE_IDENTIFIER = "com.test.SwifUI-Combine-Form";
				PRODUCT_NAME = "SwifUI+Combine+Form";
				SDKROOT = macosx;
				SWIFT_VERSION = 5.0;
			};
			name = Debug;
		};
		08DB85DF25B21D680099354F /* Release */ = {
			isa = XCBuildConfiguration;
			buildSettings = {
				ASSETCATALOG_COMPILER_APPICON_NAME = AppIcon;
				ASSETCATALOG_COMPILER_GLOBAL_ACCENT_COLOR_NAME = AccentColor;
				CODE_SIGN_ENTITLEMENTS = macOS/macOS.entitlements;
				CODE_SIGN_STYLE = Automatic;
				COMBINE_HIDPI_IMAGES = YES;
				DEVELOPMENT_TEAM = EQW652JMS3;
				ENABLE_HARDENED_RUNTIME = YES;
				ENABLE_PREVIEWS = YES;
				INFOPLIST_FILE = macOS/Info.plist;
				LD_RUNPATH_SEARCH_PATHS = (
					"$(inherited)",
					"@executable_path/../Frameworks",
				);
				MACOSX_DEPLOYMENT_TARGET = 11.0;
				PRODUCT_BUNDLE_IDENTIFIER = "com.test.SwifUI-Combine-Form";
				PRODUCT_NAME = "SwifUI+Combine+Form";
				SDKROOT = macosx;
				SWIFT_VERSION = 5.0;
			};
			name = Release;
		};
/* End XCBuildConfiguration section */

/* Begin XCConfigurationList section */
		08DB85BD25B21D650099354F /* Build configuration list for PBXProject "SwifUI+Combine+Form" */ = {
			isa = XCConfigurationList;
			buildConfigurations = (
				08DB85D825B21D680099354F /* Debug */,
				08DB85D925B21D680099354F /* Release */,
			);
			defaultConfigurationIsVisible = 0;
			defaultConfigurationName = Release;
		};
		08DB85DA25B21D680099354F /* Build configuration list for PBXNativeTarget "SwifUI+Combine+Form (iOS)" */ = {
			isa = XCConfigurationList;
			buildConfigurations = (
				08DB85DB25B21D680099354F /* Debug */,
				08DB85DC25B21D680099354F /* Release */,
			);
			defaultConfigurationIsVisible = 0;
			defaultConfigurationName = Release;
		};
		08DB85DD25B21D680099354F /* Build configuration list for PBXNativeTarget "SwifUI+Combine+Form (macOS)" */ = {
			isa = XCConfigurationList;
			buildConfigurations = (
				08DB85DE25B21D680099354F /* Debug */,
				08DB85DF25B21D680099354F /* Release */,
			);
			defaultConfigurationIsVisible = 0;
			defaultConfigurationName = Release;
		};
/* End XCConfigurationList section */
	};
	rootObject = 08DB85BA25B21D650099354F /* Project object */;
}
